// !$*UTF8*$!
{
	archiveVersion = 1;
	classes = {
	};
	objectVersion = 50;
	objects = {

/* Begin PBXBuildFile section */
		591D0759253B5C290008098A /* AppDelegate.swift in Sources */ = {isa = PBXBuildFile; fileRef = 591D0758253B5C290008098A /* AppDelegate.swift */; };
		591D075B253B5C290008098A /* SceneDelegate.swift in Sources */ = {isa = PBXBuildFile; fileRef = 591D075A253B5C290008098A /* SceneDelegate.swift */; };
		591D075D253B5C290008098A /* BatamVC.swift in Sources */ = {isa = PBXBuildFile; fileRef = 591D075C253B5C290008098A /* BatamVC.swift */; };
		591D0760253B5C290008098A /* Main.storyboard in Resources */ = {isa = PBXBuildFile; fileRef = 591D075E253B5C290008098A /* Main.storyboard */; };
		591D0762253B5C2C0008098A /* Assets.xcassets in Resources */ = {isa = PBXBuildFile; fileRef = 591D0761253B5C2C0008098A /* Assets.xcassets */; };
		591D0765253B5C2C0008098A /* LaunchScreen.storyboard in Resources */ = {isa = PBXBuildFile; fileRef = 591D0763253B5C2C0008098A /* LaunchScreen.storyboard */; };
		591D076F253B5FF90008098A /* JakartaVC.swift in Sources */ = {isa = PBXBuildFile; fileRef = 591D076E253B5FF90008098A /* JakartaVC.swift */; };
		60AFB3192708969000CBE7F3 /* Florist.swift in Sources */ = {isa = PBXBuildFile; fileRef = 60AFB3182708969000CBE7F3 /* Florist.swift */; };
/* End PBXBuildFile section */

/* Begin PBXFileReference section */
		591D0755253B5C290008098A /* toko-bunga.app */ = {isa = PBXFileReference; explicitFileType = wrapper.application; includeInIndex = 0; path = "toko-bunga.app"; sourceTree = BUILT_PRODUCTS_DIR; };
		591D0758253B5C290008098A /* AppDelegate.swift */ = {isa = PBXFileReference; lastKnownFileType = sourcecode.swift; path = AppDelegate.swift; sourceTree = "<group>"; };
		591D075A253B5C290008098A /* SceneDelegate.swift */ = {isa = PBXFileReference; lastKnownFileType = sourcecode.swift; path = SceneDelegate.swift; sourceTree = "<group>"; };
		591D075C253B5C290008098A /* BatamVC.swift */ = {isa = PBXFileReference; lastKnownFileType = sourcecode.swift; path = BatamVC.swift; sourceTree = "<group>"; };
		591D075F253B5C290008098A /* Base */ = {isa = PBXFileReference; lastKnownFileType = file.storyboard; name = Base; path = Base.lproj/Main.storyboard; sourceTree = "<group>"; };
		591D0761253B5C2C0008098A /* Assets.xcassets */ = {isa = PBXFileReference; lastKnownFileType = folder.assetcatalog; path = Assets.xcassets; sourceTree = "<group>"; };
		591D0764253B5C2C0008098A /* Base */ = {isa = PBXFileReference; lastKnownFileType = file.storyboard; name = Base; path = Base.lproj/LaunchScreen.storyboard; sourceTree = "<group>"; };
		591D0766253B5C2C0008098A /* Info.plist */ = {isa = PBXFileReference; lastKnownFileType = text.plist.xml; path = Info.plist; sourceTree = "<group>"; };
		591D076E253B5FF90008098A /* JakartaVC.swift */ = {isa = PBXFileReference; lastKnownFileType = sourcecode.swift; path = JakartaVC.swift; sourceTree = "<group>"; };
		60AFB3182708969000CBE7F3 /* Florist.swift */ = {isa = PBXFileReference; lastKnownFileType = sourcecode.swift; path = Florist.swift; sourceTree = "<group>"; };
/* End PBXFileReference section */

/* Begin PBXFrameworksBuildPhase section */
		591D0752253B5C290008098A /* Frameworks */ = {
			isa = PBXFrameworksBuildPhase;
			buildActionMask = 2147483647;
			files = (
			);
			runOnlyForDeploymentPostprocessing = 0;
		};
/* End PBXFrameworksBuildPhase section */

/* Begin PBXGroup section */
		591D074C253B5C290008098A = {
			isa = PBXGroup;
			children = (
				591D0757253B5C290008098A /* toko-bunga */,
				591D0756253B5C290008098A /* Products */,
			);
			sourceTree = "<group>";
		};
		591D0756253B5C290008098A /* Products */ = {
			isa = PBXGroup;
			children = (
				591D0755253B5C290008098A /* toko-bunga.app */,
			);
			name = Products;
			sourceTree = "<group>";
		};
		591D0757253B5C290008098A /* toko-bunga */ = {
			isa = PBXGroup;
			children = (
				591D0758253B5C290008098A /* AppDelegate.swift */,
				591D075A253B5C290008098A /* SceneDelegate.swift */,
				591D075C253B5C290008098A /* BatamVC.swift */,
				591D076E253B5FF90008098A /* JakartaVC.swift */,
				60AFB3182708969000CBE7F3 /* Florist.swift */,
				591D075E253B5C290008098A /* Main.storyboard */,
				591D0761253B5C2C0008098A /* Assets.xcassets */,
				591D0763253B5C2C0008098A /* LaunchScreen.storyboard */,
				591D0766253B5C2C0008098A /* Info.plist */,
			);
			path = "toko-bunga";
			sourceTree = "<group>";
		};
/* End PBXGroup section */

/* Begin PBXNativeTarget section */
		591D0754253B5C290008098A /* toko-bunga */ = {
			isa = PBXNativeTarget;
			buildConfigurationList = 591D0769253B5C2C0008098A /* Build configuration list for PBXNativeTarget "toko-bunga" */;
			buildPhases = (
				591D0751253B5C290008098A /* Sources */,
				591D0752253B5C290008098A /* Frameworks */,
				591D0753253B5C290008098A /* Resources */,
			);
			buildRules = (
			);
			dependencies = (
			);
			name = "toko-bunga";
			productName = "toko-bunga";
			productReference = 591D0755253B5C290008098A /* toko-bunga.app */;
			productType = "com.apple.product-type.application";
		};
/* End PBXNativeTarget section */

/* Begin PBXProject section */
		591D074D253B5C290008098A /* Project object */ = {
			isa = PBXProject;
			attributes = {
				LastSwiftUpdateCheck = 1200;
				LastUpgradeCheck = 1200;
				TargetAttributes = {
					591D0754253B5C290008098A = {
						CreatedOnToolsVersion = 12.0.1;
					};
				};
			};
			buildConfigurationList = 591D0750253B5C290008098A /* Build configuration list for PBXProject "toko-bunga" */;
			compatibilityVersion = "Xcode 9.3";
			developmentRegion = en;
			hasScannedForEncodings = 0;
			knownRegions = (
				en,
				Base,
			);
			mainGroup = 591D074C253B5C290008098A;
			productRefGroup = 591D0756253B5C290008098A /* Products */;
			projectDirPath = "";
			projectRoot = "";
			targets = (
				591D0754253B5C290008098A /* toko-bunga */,
			);
		};
/* End PBXProject section */

/* Begin PBXResourcesBuildPhase section */
		591D0753253B5C290008098A /* Resources */ = {
			isa = PBXResourcesBuildPhase;
			buildActionMask = 2147483647;
			files = (
				591D0765253B5C2C0008098A /* LaunchScreen.storyboard in Resources */,
				591D0762253B5C2C0008098A /* Assets.xcassets in Resources */,
				591D0760253B5C290008098A /* Main.storyboard in Resources */,
			);
			runOnlyForDeploymentPostprocessing = 0;
		};
/* End PBXResourcesBuildPhase section */

/* Begin PBXSourcesBuildPhase section */
		591D0751253B5C290008098A /* Sources */ = {
			isa = PBXSourcesBuildPhase;
			buildActionMask = 2147483647;
			files = (
				60AFB3192708969000CBE7F3 /* Florist.swift in Sources */,
				591D075D253B5C290008098A /* BatamVC.swift in Sources */,
				591D076F253B5FF90008098A /* JakartaVC.swift in Sources */,
				591D0759253B5C290008098A /* AppDelegate.swift in Sources */,
				591D075B253B5C290008098A /* SceneDelegate.swift in Sources */,
			);
			runOnlyForDeploymentPostprocessing = 0;
		};
/* End PBXSourcesBuildPhase section */

/* Begin PBXVariantGroup section */
		591D075E253B5C290008098A /* Main.storyboard */ = {
			isa = PBXVariantGroup;
			children = (
				591D075F253B5C290008098A /* Base */,
			);
			name = Main.storyboard;
			sourceTree = "<group>";
		};
		591D0763253B5C2C0008098A /* LaunchScreen.storyboard */ = {
			isa = PBXVariantGroup;
			children = (
				591D0764253B5C2C0008098A /* Base */,
			);
			name = LaunchScreen.storyboard;
			sourceTree = "<group>";
		};
/* End PBXVariantGroup section */

/* Begin XCBuildConfiguration section */
		591D0767253B5C2C0008098A /* Debug */ = {
			isa = XCBuildConfiguration;
			buildSettings = {
				ALWAYS_SEARCH_USER_PATHS = NO;
				CLANG_ANALYZER_NONNULL = YES;
				CLANG_ANALYZER_NUMBER_OBJECT_CONVERSION = YES_AGGRESSIVE;
				CLANG_CXX_LANGUAGE_STANDARD = "gnu++14";
				CLANG_CXX_LIBRARY = "libc++";
				CLANG_ENABLE_MODULES = YES;
				CLANG_ENABLE_OBJC_ARC = YES;
				CLANG_ENABLE_OBJC_WEAK = YES;
				CLANG_WARN_BLOCK_CAPTURE_AUTORELEASING = YES;
				CLANG_WARN_BOOL_CONVERSION = YES;
				CLANG_WARN_COMMA = YES;
				CLANG_WARN_CONSTANT_CONVERSION = YES;
				CLANG_WARN_DEPRECATED_OBJC_IMPLEMENTATIONS = YES;
				CLANG_WARN_DIRECT_OBJC_ISA_USAGE = YES_ERROR;
				CLANG_WARN_DOCUMENTATION_COMMENTS = YES;
				CLANG_WARN_EMPTY_BODY = YES;
				CLANG_WARN_ENUM_CONVERSION = YES;
				CLANG_WARN_INFINITE_RECURSION = YES;
				CLANG_WARN_INT_CONVERSION = YES;
				CLANG_WARN_NON_LITERAL_NULL_CONVERSION = YES;
				CLANG_WARN_OBJC_IMPLICIT_RETAIN_SELF = YES;
				CLANG_WARN_OBJC_LITERAL_CONVERSION = YES;
				CLANG_WARN_OBJC_ROOT_CLASS = YES_ERROR;
				CLANG_WARN_QUOTED_INCLUDE_IN_FRAMEWORK_HEADER = YES;
				CLANG_WARN_RANGE_LOOP_ANALYSIS = YES;
				CLANG_WARN_STRICT_PROTOTYPES = YES;
				CLANG_WARN_SUSPICIOUS_MOVE = YES;
				CLANG_WARN_UNGUARDED_AVAILABILITY = YES_AGGRESSIVE;
				CLANG_WARN_UNREACHABLE_CODE = YES;
				CLANG_WARN__DUPLICATE_METHOD_MATCH = YES;
				COPY_PHASE_STRIP = NO;
				DEBUG_INFORMATION_FORMAT = dwarf;
				ENABLE_STRICT_OBJC_MSGSEND = YES;
				ENABLE_TESTABILITY = YES;
				GCC_C_LANGUAGE_STANDARD = gnu11;
				GCC_DYNAMIC_NO_PIC = NO;
				GCC_NO_COMMON_BLOCKS = YES;
				GCC_OPTIMIZATION_LEVEL = 0;
				GCC_PREPROCESSOR_DEFINITIONS = (
					"DEBUG=1",
					"$(inherited)",
				);
				GCC_WARN_64_TO_32_BIT_CONVERSION = YES;
				GCC_WARN_ABOUT_RETURN_TYPE = YES_ERROR;
				GCC_WARN_UNDECLARED_SELECTOR = YES;
				GCC_WARN_UNINITIALIZED_AUTOS = YES_AGGRESSIVE;
				GCC_WARN_UNUSED_FUNCTION = YES;
				GCC_WARN_UNUSED_VARIABLE = YES;
				IPHONEOS_DEPLOYMENT_TARGET = 14.0;
				MTL_ENABLE_DEBUG_INFO = INCLUDE_SOURCE;
				MTL_FAST_MATH = YES;
				ONLY_ACTIVE_ARCH = YES;
				SDKROOT = iphoneos;
				SWIFT_ACTIVE_COMPILATION_CONDITIONS = DEBUG;
				SWIFT_OPTIMIZATION_LEVEL = "-Onone";
			};
			name = Debug;
		};
		591D0768253B5C2C0008098A /* Release */ = {
			isa = XCBuildConfiguration;
			buildSettings = {
				ALWAYS_SEARCH_USER_PATHS = NO;
				CLANG_ANALYZER_NONNULL = YES;
				CLANG_ANALYZER_NUMBER_OBJECT_CONVERSION = YES_AGGRESSIVE;
				CLANG_CXX_LANGUAGE_STANDARD = "gnu++14";
				CLANG_CXX_LIBRARY = "libc++";
				CLANG_ENABLE_MODULES = YES;
				CLANG_ENABLE_OBJC_ARC = YES;
				CLANG_ENABLE_OBJC_WEAK = YES;
				CLANG_WARN_BLOCK_CAPTURE_AUTORELEASING = YES;
				CLANG_WARN_BOOL_CONVERSION = YES;
				CLANG_WARN_COMMA = YES;
				CLANG_WARN_CONSTANT_CONVERSION = YES;
				CLANG_WARN_DEPRECATED_OBJC_IMPLEMENTATIONS = YES;
				CLANG_WARN_DIRECT_OBJC_ISA_USAGE = YES_ERROR;
				CLANG_WARN_DOCUMENTATION_COMMENTS = YES;
				CLANG_WARN_EMPTY_BODY = YES;
				CLANG_WARN_ENUM_CONVERSION = YES;
				CLANG_WARN_INFINITE_RECURSION = YES;
				CLANG_WARN_INT_CONVERSION = YES;
				CLANG_WARN_NON_LITERAL_NULL_CONVERSION = YES;
				CLANG_WARN_OBJC_IMPLICIT_RETAIN_SELF = YES;
				CLANG_WARN_OBJC_LITERAL_CONVERSION = YES;
				CLANG_WARN_OBJC_ROOT_CLASS = YES_ERROR;
				CLANG_WARN_QUOTED_INCLUDE_IN_FRAMEWORK_HEADER = YES;
				CLANG_WARN_RANGE_LOOP_ANALYSIS = YES;
				CLANG_WARN_STRICT_PROTOTYPES = YES;
				CLANG_WARN_SUSPICIOUS_MOVE = YES;
				CLANG_WARN_UNGUARDED_AVAILABILITY = YES_AGGRESSIVE;
				CLANG_WARN_UNREACHABLE_CODE = YES;
				CLANG_WARN__DUPLICATE_METHOD_MATCH = YES;
				COPY_PHASE_STRIP = NO;
				DEBUG_INFORMATION_FORMAT = "dwarf-with-dsym";
				ENABLE_NS_ASSERTIONS = NO;
				ENABLE_STRICT_OBJC_MSGSEND = YES;
				GCC_C_LANGUAGE_STANDARD = gnu11;
				GCC_NO_COMMON_BLOCKS = YES;
				GCC_WARN_64_TO_32_BIT_CONVERSION = YES;
				GCC_WARN_ABOUT_RETURN_TYPE = YES_ERROR;
				GCC_WARN_UNDECLARED_SELECTOR = YES;
				GCC_WARN_UNINITIALIZED_AUTOS = YES_AGGRESSIVE;
				GCC_WARN_UNUSED_FUNCTION = YES;
				GCC_WARN_UNUSED_VARIABLE = YES;
				IPHONEOS_DEPLOYMENT_TARGET = 14.0;
				MTL_ENABLE_DEBUG_INFO = NO;
				MTL_FAST_MATH = YES;
				SDKROOT = iphoneos;
				SWIFT_COMPILATION_MODE = wholemodule;
				SWIFT_OPTIMIZATION_LEVEL = "-O";
				VALIDATE_PRODUCT = YES;
			};
			name = Release;
		};
		591D076A253B5C2C0008098A /* Debug */ = {
			isa = XCBuildConfiguration;
			buildSettings = {
				ASSETCATALOG_COMPILER_APPICON_NAME = AppIcon;
				ASSETCATALOG_COMPILER_GLOBAL_ACCENT_COLOR_NAME = AccentColor;
				CODE_SIGN_STYLE = Automatic;
				DEVELOPMENT_TEAM = 72C5A4RQ56;
				INFOPLIST_FILE = "toko-bunga/Info.plist";
				LD_RUNPATH_SEARCH_PATHS = (
					"$(inherited)",
					"@executable_path/Frameworks",
				);
				PRODUCT_BUNDLE_IDENTIFIER = "com.coko.toko-bunga";
				PRODUCT_NAME = "$(TARGET_NAME)";
				SWIFT_VERSION = 5.0;
				TARGETED_DEVICE_FAMILY = "1,2";
			};
			name = Debug;
		};
		591D076B253B5C2C0008098A /* Release */ = {
			isa = XCBuildConfiguration;
			buildSettings = {
				ASSETCATALOG_COMPILER_APPICON_NAME = AppIcon;
				ASSETCATALOG_COMPILER_GLOBAL_ACCENT_COLOR_NAME = AccentColor;
				CODE_SIGN_STYLE = Automatic;
				DEVELOPMENT_TEAM = 72C5A4RQ56;
				INFOPLIST_FILE = "toko-bunga/Info.plist";
				LD_RUNPATH_SEARCH_PATHS = (
					"$(inherited)",
					"@executable_path/Frameworks",
				);
				PRODUCT_BUNDLE_IDENTIFIER = "com.coko.toko-bunga";
				PRODUCT_NAME = "$(TARGET_NAME)";
				SWIFT_VERSION = 5.0;
				TARGETED_DEVICE_FAMILY = "1,2";
			};
			name = Release;
		};
/* End XCBuildConfiguration section */

/* Begin XCConfigurationList section */
		591D0750253B5C290008098A /* Build configuration list for PBXProject "toko-bunga" */ = {
			isa = XCConfigurationList;
			buildConfigurations = (
				591D0767253B5C2C0008098A /* Debug */,
				591D0768253B5C2C0008098A /* Release */,
			);
			defaultConfigurationIsVisible = 0;
			defaultConfigurationName = Release;
		};
		591D0769253B5C2C0008098A /* Build configuration list for PBXNativeTarget "toko-bunga" */ = {
			isa = XCConfigurationList;
			buildConfigurations = (
				591D076A253B5C2C0008098A /* Debug */,
				591D076B253B5C2C0008098A /* Release */,
			);
			defaultConfigurationIsVisible = 0;
			defaultConfigurationName = Release;
		};
/* End XCConfigurationList section */
	};
	rootObject = 591D074D253B5C290008098A /* Project object */;
}
